
Microsoft Visual Studio Solution File, Format Version 12.00
# Visual Studio Version 17
VisualStudioVersion = 17.6.33815.320
MinimumVisualStudioVersion = 10.0.40219.1
Project("{FAE04EC0-301F-11D3-BF4B-00C04F79EFBC}") = "newstrek", "newstrek\newstrek.csproj", "{140EAD93-3819-44C1-AEDD-55AFD06F65E7}"
EndProject
Global
	GlobalSection(SolutionConfigurationPlatforms) = preSolution
		Debug|Any CPU = Debug|Any CPU
		Release|Any CPU = Release|Any CPU
	EndGlobalSection
	GlobalSection(ProjectConfigurationPlatforms) = postSolution
		{140EAD93-3819-44C1-AEDD-55AFD06F65E7}.Debug|Any CPU.ActiveCfg = Debug|Any CPU
		{140EAD93-3819-44C1-AEDD-55AFD06F65E7}.Debug|Any CPU.Build.0 = Debug|Any CPU
		{140EAD93-3819-44C1-AEDD-55AFD06F65E7}.Release|Any CPU.ActiveCfg = Release|Any CPU
		{140EAD93-3819-44C1-AEDD-55AFD06F65E7}.Release|Any CPU.Build.0 = Release|Any CPU
	EndGlobalSection
	GlobalSection(SolutionProperties) = preSolution
		HideSolutionNode = FALSE
	EndGlobalSection
	GlobalSection(ExtensibilityGlobals) = postSolution
		SolutionGuid = {6B15D209-5A6C-48B8-A25B-60AD0D63BB18}
	EndGlobalSection
EndGlobal
